
Microsoft Visual Studio Solution File, Format Version 12.00
Project("{2150E333-8FDC-42A3-9474-1A3956D46DE8}") = "src", "src", "{3B3D0DBA-1BA4-4F98-AC75-621B332A7ECF}"
EndProject
Project("{2150E333-8FDC-42A3-9474-1A3956D46DE8}") = "tests", "tests", "{6689B027-6C57-4B50-B01B-46D24D57990D}"
EndProject
Project("{2150E333-8FDC-42A3-9474-1A3956D46DE8}") = "core", "core", "{F8A98FE9-05C6-446E-84DE-EB4C1E266192}"
EndProject
Project("{FAE04EC0-301F-11D3-BF4B-00C04F79EFBC}") = "Recipe.Services", "src\core\Recipe.Services\Recipe.Services.csproj", "{DE170C24-07A1-4F6B-92F5-18D2902A6F4D}"
EndProject
Project("{2150E333-8FDC-42A3-9474-1A3956D46DE8}") = "infrastructure", "infrastructure", "{3B670A91-B3E4-4466-8E8A-7A0A6EB0AEF8}"
EndProject
Project("{2150E333-8FDC-42A3-9474-1A3956D46DE8}") = "presentation", "presentation", "{1CFFC409-38B5-4EF7-92B2-3B659FC4F88F}"
EndProject
Project("{FAE04EC0-301F-11D3-BF4B-00C04F79EFBC}") = "Recipe.Web.Api", "src\presentation\Recipe.Web.Api\Recipe.Web.Api.csproj", "{551F1475-D251-4D8D-B097-ACD5AF7B75C4}"
EndProject
Project("{FAE04EC0-301F-11D3-BF4B-00C04F79EFBC}") = "Recipe.Data", "src\core\Recipe.Data\Recipe.Data.csproj", "{043F217B-4538-47EC-84A1-12FAA0B726A5}"
EndProject
Project("{FAE04EC0-301F-11D3-BF4B-00C04F79EFBC}") = "Recipe.WebApi.Client", "src\presentation\Recipe.WebApi.Client\Recipe.WebApi.Client.csproj", "{EB9981A7-BE8B-43BC-B5F8-37A470BD37DD}"
EndProject
Global
	GlobalSection(SolutionConfigurationPlatforms) = preSolution
		Debug|Any CPU = Debug|Any CPU
		Release|Any CPU = Release|Any CPU
	EndGlobalSection
	GlobalSection(NestedProjects) = preSolution
		{F8A98FE9-05C6-446E-84DE-EB4C1E266192} = {3B3D0DBA-1BA4-4F98-AC75-621B332A7ECF}
		{DE170C24-07A1-4F6B-92F5-18D2902A6F4D} = {F8A98FE9-05C6-446E-84DE-EB4C1E266192}
		{3B670A91-B3E4-4466-8E8A-7A0A6EB0AEF8} = {3B3D0DBA-1BA4-4F98-AC75-621B332A7ECF}
		{1CFFC409-38B5-4EF7-92B2-3B659FC4F88F} = {3B3D0DBA-1BA4-4F98-AC75-621B332A7ECF}
		{551F1475-D251-4D8D-B097-ACD5AF7B75C4} = {1CFFC409-38B5-4EF7-92B2-3B659FC4F88F}
		{043F217B-4538-47EC-84A1-12FAA0B726A5} = {F8A98FE9-05C6-446E-84DE-EB4C1E266192}
		{EB9981A7-BE8B-43BC-B5F8-37A470BD37DD} = {1CFFC409-38B5-4EF7-92B2-3B659FC4F88F}
	EndGlobalSection
	GlobalSection(ProjectConfigurationPlatforms) = postSolution
		{DE170C24-07A1-4F6B-92F5-18D2902A6F4D}.Debug|Any CPU.ActiveCfg = Debug|Any CPU
		{DE170C24-07A1-4F6B-92F5-18D2902A6F4D}.Debug|Any CPU.Build.0 = Debug|Any CPU
		{DE170C24-07A1-4F6B-92F5-18D2902A6F4D}.Release|Any CPU.ActiveCfg = Release|Any CPU
		{DE170C24-07A1-4F6B-92F5-18D2902A6F4D}.Release|Any CPU.Build.0 = Release|Any CPU
		{551F1475-D251-4D8D-B097-ACD5AF7B75C4}.Debug|Any CPU.ActiveCfg = Debug|Any CPU
		{551F1475-D251-4D8D-B097-ACD5AF7B75C4}.Debug|Any CPU.Build.0 = Debug|Any CPU
		{551F1475-D251-4D8D-B097-ACD5AF7B75C4}.Release|Any CPU.ActiveCfg = Release|Any CPU
		{551F1475-D251-4D8D-B097-ACD5AF7B75C4}.Release|Any CPU.Build.0 = Release|Any CPU
		{043F217B-4538-47EC-84A1-12FAA0B726A5}.Debug|Any CPU.ActiveCfg = Debug|Any CPU
		{043F217B-4538-47EC-84A1-12FAA0B726A5}.Debug|Any CPU.Build.0 = Debug|Any CPU
		{043F217B-4538-47EC-84A1-12FAA0B726A5}.Release|Any CPU.ActiveCfg = Release|Any CPU
		{043F217B-4538-47EC-84A1-12FAA0B726A5}.Release|Any CPU.Build.0 = Release|Any CPU
		{EB9981A7-BE8B-43BC-B5F8-37A470BD37DD}.Debug|Any CPU.ActiveCfg = Debug|Any CPU
		{EB9981A7-BE8B-43BC-B5F8-37A470BD37DD}.Debug|Any CPU.Build.0 = Debug|Any CPU
		{EB9981A7-BE8B-43BC-B5F8-37A470BD37DD}.Release|Any CPU.ActiveCfg = Release|Any CPU
		{EB9981A7-BE8B-43BC-B5F8-37A470BD37DD}.Release|Any CPU.Build.0 = Release|Any CPU
	EndGlobalSection
EndGlobal
